version = 1
revision = 3
requires-python = ">=3.13"

[[package]]
name = "polars"
version = "1.34.0"
source = { registry = "https://pypi.org/simple" }
dependencies = [
    { name = "polars-runtime-32" },
]
sdist = { url = "https://files.pythonhosted.org/packages/a1/3e/35fcf5bf51404371bb172b289a5065778dc97adca4416e199c294125eb05/polars-1.34.0.tar.gz", hash = "sha256:5de5f871027db4b11bcf39215a2d6b13b4a80baf8a55c5862d4ebedfd5cd4013", size = 684309, upload-time = "2025-10-02T18:31:04.396Z" }
wheels = [
    { url = "https://files.pythonhosted.org/packages/6b/80/1791ac226bb989bef30fe8fde752b2021b6ec5dfd6e880262596aedf4c05/polars-1.34.0-py3-none-any.whl", hash = "sha256:40d2f357b4d9e447ad28bd2c9923e4318791a7c18eb68f31f1fbf11180f41391", size = 772686, upload-time = "2025-10-02T18:29:59.492Z" },
]

[[package]]
name = "polars-runtime-32"
version = "1.34.0"
source = { registry = "https://pypi.org/simple" }
sdist = { url = "https://files.pythonhosted.org/packages/02/10/1189afb14cc47ed215ccf7fbd00ed21c48edfd89e51c16f8628a33ae4b1b/polars_runtime_32-1.34.0.tar.gz", hash = "sha256:ebe6f865128a0d833f53a3f6828360761ad86d1698bceb22bef9fd999500dc1c", size = 2634491, upload-time = "2025-10-02T18:31:05.502Z" }
wheels = [
    { url = "https://files.pythonhosted.org/packages/97/35/bc4f1a9dcef61845e8e4e5d2318470b002b93a3564026f0643f562761ecb/polars_runtime_32-1.34.0-cp39-abi3-macosx_10_12_x86_64.whl", hash = "sha256:2878f9951e91121afe60c25433ef270b9a221e6ebf3de5f6642346b38cab3f03", size = 39655423, upload-time = "2025-10-02T18:30:02.846Z" },
    { url = "https://files.pythonhosted.org/packages/a6/bb/d655a103e75b7c81c47a3c2d276be0200c0c15cfb6fd47f17932ddcf7519/polars_runtime_32-1.34.0-cp39-abi3-macosx_11_0_arm64.whl", hash = "sha256:fbc329c7d34a924228cc5dcdbbd4696d94411a3a5b15ad8bb868634c204e1951", size = 35986049, upload-time = "2025-10-02T18:30:05.848Z" },
    { url = "https://files.pythonhosted.org/packages/9e/ce/11ca850b7862cb43605e5d86cdf655614376e0a059871cf8305af5406554/polars_runtime_32-1.34.0-cp39-abi3-manylinux_2_17_x86_64.manylinux2014_x86_64.whl", hash = "sha256:93fa51d88a2d12ea996a5747aad5647d22a86cce73c80f208e61f487b10bc448", size = 40261269, upload-time = "2025-10-02T18:30:08.48Z" },
    { url = "https://files.pythonhosted.org/packages/d8/25/77d12018c35489e19f7650b40679714a834effafc25d61e8dcee7c4fafce/polars_runtime_32-1.34.0-cp39-abi3-manylinux_2_24_aarch64.whl", hash = "sha256:79e4d696392c6d8d51f4347f0b167c52eef303c9d87093c0c68e8651198735b7", size = 37049077, upload-time = "2025-10-02T18:30:11.162Z" },
    { url = "https://files.pythonhosted.org/packages/e2/75/c30049d45ea1365151f86f650ed5354124ff3209f0abe588664c8eb13a31/polars_runtime_32-1.34.0-cp39-abi3-win_amd64.whl", hash = "sha256:2501d6b29d9001ea5ea2fd9b598787e10ddf45d8c4a87c2bead75159e8a15711", size = 40105782, upload-time = "2025-10-02T18:30:14.597Z" },
    { url = "https://files.pythonhosted.org/packages/a3/31/84efa27aa3478c8670bac1a720c8b1aee5c58c9c657c980e5e5c47fde883/polars_runtime_32-1.34.0-cp39-abi3-win_arm64.whl", hash = "sha256:f9ed1765378dfe0bcd1ac5ec570dd9eab27ea728bbc980cc9a76eebc55586559", size = 35873216, upload-time = "2025-10-02T18:30:17.439Z" },
]

[[package]]
name = "verglas-large-file-parser"
version = "0.1.0"
source = { virtual = "." }
dependencies = [
    { name = "polars" },
]

[package.metadata]
requires-dist = [{ name = "polars", specifier = "==1.34.0" }]
