{
  "lockfileVersion": 1,
  "configVersion": 1,
  "workspaces": {
    "": {
      "name": "@verglas/gadget-host",
      "dependencies": {
        "capnweb": "0.8.0",
      },
    },
  },
  "packages": {
    "capnweb": ["capnweb@0.8.0", "", {}, "sha512-BK/TuXUiyfLSKsmjojn70yN7oYG/JJzoURZ3tckjg5Zj2KcygPm0A5jyOlswK7SYB4f0Gh9tt+RZ132b80iLfA=="],
  }
}
